
Microsoft Visual Studio Solution File, Format Version 12.00
# Visual Studio Version 17
VisualStudioVersion = 17.4.33213.308
MinimumVisualStudioVersion = 10.0.40219.1
Project("{FAE04EC0-301F-11D3-BF4B-00C04F79EFBC}") = "bookStoreWithCount", "bookStoreWithCount\bookStoreWithCount.csproj", "{F46BEE24-0100-48C2-B9B1-B0FFD7044E60}"
EndProject
Global
	GlobalSection(SolutionConfigurationPlatforms) = preSolution
		Debug|Any CPU = Debug|Any CPU
		Release|Any CPU = Release|Any CPU
	EndGlobalSection
	GlobalSection(ProjectConfigurationPlatforms) = postSolution
		{F46BEE24-0100-48C2-B9B1-B0FFD7044E60}.Debug|Any CPU.ActiveCfg = Debug|Any CPU
		{F46BEE24-0100-48C2-B9B1-B0FFD7044E60}.Debug|Any CPU.Build.0 = Debug|Any CPU
		{F46BEE24-0100-48C2-B9B1-B0FFD7044E60}.Release|Any CPU.ActiveCfg = Release|Any CPU
		{F46BEE24-0100-48C2-B9B1-B0FFD7044E60}.Release|Any CPU.Build.0 = Release|Any CPU
	EndGlobalSection
	GlobalSection(SolutionProperties) = preSolution
		HideSolutionNode = FALSE
	EndGlobalSection
	GlobalSection(ExtensibilityGlobals) = postSolution
		SolutionGuid = {980EFD25-1F75-47F7-9645-DE59D4C73FAA}
	EndGlobalSection
EndGlobal
